
Microsoft Visual Studio Solution File, Format Version 12.00
# Visual Studio Version 17
VisualStudioVersion = 17.4.33205.214
MinimumVisualStudioVersion = 10.0.40219.1
Project("{FAE04EC0-301F-11D3-BF4B-00C04F79EFBC}") = "authentication-back", "authentication-back\authentication-back.csproj", "{8E4128FB-3F3C-4041-BF97-EDC835F378A3}"
EndProject
Global
	GlobalSection(SolutionConfigurationPlatforms) = preSolution
		Debug|Any CPU = Debug|Any CPU
		Release|Any CPU = Release|Any CPU
	EndGlobalSection
	GlobalSection(ProjectConfigurationPlatforms) = postSolution
		{8E4128FB-3F3C-4041-BF97-EDC835F378A3}.Debug|Any CPU.ActiveCfg = Debug|Any CPU
		{8E4128FB-3F3C-4041-BF97-EDC835F378A3}.Debug|Any CPU.Build.0 = Debug|Any CPU
		{8E4128FB-3F3C-4041-BF97-EDC835F378A3}.Release|Any CPU.ActiveCfg = Release|Any CPU
		{8E4128FB-3F3C-4041-BF97-EDC835F378A3}.Release|Any CPU.Build.0 = Release|Any CPU
	EndGlobalSection
	GlobalSection(SolutionProperties) = preSolution
		HideSolutionNode = FALSE
	EndGlobalSection
	GlobalSection(ExtensibilityGlobals) = postSolution
		SolutionGuid = {470AEA02-F67B-4258-925C-6D957BFDD0D5}
	EndGlobalSection
EndGlobal
